
Microsoft Visual Studio Solution File, Format Version 12.00
# Visual Studio Version 16
VisualStudioVersion = 16.0.31613.86
MinimumVisualStudioVersion = 10.0.40219.1
Project("{FAE04EC0-301F-11D3-BF4B-00C04F79EFBC}") = "Vidly", "Vidly\Vidly.csproj", "{F0A87A4A-EFD6-49E1-9F62-13612B6EE841}"
EndProject
Global
	GlobalSection(SolutionConfigurationPlatforms) = preSolution
		Debug|Any CPU = Debug|Any CPU
		Release|Any CPU = Release|Any CPU
	EndGlobalSection
	GlobalSection(ProjectConfigurationPlatforms) = postSolution
		{F0A87A4A-EFD6-49E1-9F62-13612B6EE841}.Debug|Any CPU.ActiveCfg = Debug|Any CPU
		{F0A87A4A-EFD6-49E1-9F62-13612B6EE841}.Debug|Any CPU.Build.0 = Debug|Any CPU
		{F0A87A4A-EFD6-49E1-9F62-13612B6EE841}.Release|Any CPU.ActiveCfg = Release|Any CPU
		{F0A87A4A-EFD6-49E1-9F62-13612B6EE841}.Release|Any CPU.Build.0 = Release|Any CPU
	EndGlobalSection
	GlobalSection(SolutionProperties) = preSolution
		HideSolutionNode = FALSE
	EndGlobalSection
	GlobalSection(ExtensibilityGlobals) = postSolution
		SolutionGuid = {4C1B2CFE-726B-4750-BAE1-B6F64D04816D}
	EndGlobalSection
EndGlobal
